
Microsoft Visual Studio Solution File, Format Version 12.00
# Visual Studio 15
VisualStudioVersion = 15.0.27130.2024
MinimumVisualStudioVersion = 10.0.40219.1
Project("{2150E333-8FDC-42A3-9474-1A3956D46DE8}") = "Creational", "Creational", "{E4ACA93B-D3DE-4557-B069-F1DB42925A4B}"
EndProject
Project("{2150E333-8FDC-42A3-9474-1A3956D46DE8}") = "Structural", "Structural", "{16550024-0813-4E34-B3BB-DDF66E0B8E26}"
EndProject
Project("{2150E333-8FDC-42A3-9474-1A3956D46DE8}") = "Behavioral", "Behavioral", "{6611C172-2314-4260-A1EC-C7BD08499371}"
EndProject
Project("{9A19103F-16F7-4668-BE54-9A1E7A4F7556}") = "Singleton", "Creational\Singleton\Singleton.csproj", "{5EEDE643-9D39-492D-AB0B-7605B90BDD89}"
EndProject
Project("{FAE04EC0-301F-11D3-BF4B-00C04F79EFBC}") = "Adapter", "Structural\Adapter\Adapter.csproj", "{6114C08A-7296-4508-AF24-F66B2685DEC2}"
EndProject
Global
	GlobalSection(SolutionConfigurationPlatforms) = preSolution
		Debug|Any CPU = Debug|Any CPU
		Release|Any CPU = Release|Any CPU
	EndGlobalSection
	GlobalSection(ProjectConfigurationPlatforms) = postSolution
		{5EEDE643-9D39-492D-AB0B-7605B90BDD89}.Debug|Any CPU.ActiveCfg = Debug|Any CPU
		{5EEDE643-9D39-492D-AB0B-7605B90BDD89}.Debug|Any CPU.Build.0 = Debug|Any CPU
		{5EEDE643-9D39-492D-AB0B-7605B90BDD89}.Release|Any CPU.ActiveCfg = Release|Any CPU
		{5EEDE643-9D39-492D-AB0B-7605B90BDD89}.Release|Any CPU.Build.0 = Release|Any CPU
		{6114C08A-7296-4508-AF24-F66B2685DEC2}.Debug|Any CPU.ActiveCfg = Debug|Any CPU
		{6114C08A-7296-4508-AF24-F66B2685DEC2}.Debug|Any CPU.Build.0 = Debug|Any CPU
		{6114C08A-7296-4508-AF24-F66B2685DEC2}.Release|Any CPU.ActiveCfg = Release|Any CPU
		{6114C08A-7296-4508-AF24-F66B2685DEC2}.Release|Any CPU.Build.0 = Release|Any CPU
	EndGlobalSection
	GlobalSection(SolutionProperties) = preSolution
		HideSolutionNode = FALSE
	EndGlobalSection
	GlobalSection(NestedProjects) = preSolution
		{5EEDE643-9D39-492D-AB0B-7605B90BDD89} = {E4ACA93B-D3DE-4557-B069-F1DB42925A4B}
		{6114C08A-7296-4508-AF24-F66B2685DEC2} = {16550024-0813-4E34-B3BB-DDF66E0B8E26}
	EndGlobalSection
	GlobalSection(ExtensibilityGlobals) = postSolution
		SolutionGuid = {2D7A8B0B-46F3-4C5F-8889-2DA0AEE5C625}
	EndGlobalSection
EndGlobal
